
Microsoft Visual Studio Solution File, Format Version 12.00
# Visual Studio Version 17
VisualStudioVersion = 17.8.34601.278
MinimumVisualStudioVersion = 10.0.40219.1
Project("{9A19103F-16F7-4668-BE54-9A1E7A4F7556}") = "TodoApp", "TodoApp\TodoApp.csproj", "{31AB0BBD-5990-476C-B510-79241B2FFF28}"
EndProject
Global
	GlobalSection(SolutionConfigurationPlatforms) = preSolution
		Debug|Any CPU = Debug|Any CPU
		Release|Any CPU = Release|Any CPU
	EndGlobalSection
	GlobalSection(ProjectConfigurationPlatforms) = postSolution
		{31AB0BBD-5990-476C-B510-79241B2FFF28}.Debug|Any CPU.ActiveCfg = Debug|Any CPU
		{31AB0BBD-5990-476C-B510-79241B2FFF28}.Debug|Any CPU.Build.0 = Debug|Any CPU
		{31AB0BBD-5990-476C-B510-79241B2FFF28}.Release|Any CPU.ActiveCfg = Release|Any CPU
		{31AB0BBD-5990-476C-B510-79241B2FFF28}.Release|Any CPU.Build.0 = Release|Any CPU
	EndGlobalSection
	GlobalSection(SolutionProperties) = preSolution
		HideSolutionNode = FALSE
	EndGlobalSection
	GlobalSection(ExtensibilityGlobals) = postSolution
		SolutionGuid = {35BAADD5-F012-42B3-852A-E5F69BAA3E29}
	EndGlobalSection
EndGlobal
